
Microsoft Visual Studio Solution File, Format Version 12.00
# Visual Studio Version 16
VisualStudioVersion = 16.0.29306.81
MinimumVisualStudioVersion = 10.0.40219.1
Project("{FAE04EC0-301F-11D3-BF4B-00C04F79EFBC}") = "Retangulo", "Retangulo\Retangulo.csproj", "{13781E43-BB29-4B7F-8474-58E5AA14DC0E}"
EndProject
Global
	GlobalSection(SolutionConfigurationPlatforms) = preSolution
		Debug|Any CPU = Debug|Any CPU
		Release|Any CPU = Release|Any CPU
	EndGlobalSection
	GlobalSection(ProjectConfigurationPlatforms) = postSolution
		{13781E43-BB29-4B7F-8474-58E5AA14DC0E}.Debug|Any CPU.ActiveCfg = Debug|Any CPU
		{13781E43-BB29-4B7F-8474-58E5AA14DC0E}.Debug|Any CPU.Build.0 = Debug|Any CPU
		{13781E43-BB29-4B7F-8474-58E5AA14DC0E}.Release|Any CPU.ActiveCfg = Release|Any CPU
		{13781E43-BB29-4B7F-8474-58E5AA14DC0E}.Release|Any CPU.Build.0 = Release|Any CPU
	EndGlobalSection
	GlobalSection(SolutionProperties) = preSolution
		HideSolutionNode = FALSE
	EndGlobalSection
	GlobalSection(ExtensibilityGlobals) = postSolution
		SolutionGuid = {16AD2E0F-A773-4FC0-BC54-50DBBCD29660}
	EndGlobalSection
EndGlobal
